
Microsoft Visual Studio Solution File, Format Version 12.00
# Visual Studio 2013
VisualStudioVersion = 12.0.31101.0
MinimumVisualStudioVersion = 10.0.40219.1
Project("{FAE04EC0-301F-11D3-BF4B-00C04F79EFBC}") = "Projet_Serre", "Projet_Serre\Projet_Serre.csproj", "{0B52A71E-C405-4104-AF89-2620E9B5FC53}"
EndProject
Project("{FAE04EC0-301F-11D3-BF4B-00C04F79EFBC}") = "Projet_Serre.Tests", "Projet_Serre.Tests\Projet_Serre.Tests.csproj", "{C991366E-A918-44EF-AE91-AC3B2840A0CA}"
EndProject
Project("{FAE04EC0-301F-11D3-BF4B-00C04F79EFBC}") = "Application_Windows_Phone_Serre", "Application_Windows_Phone_Serre\Application_Windows_Phone_Serre.csproj", "{DBDCFF5F-F2B4-49EA-BAEB-01C2660772B4}"
EndProject
Project("{FAE04EC0-301F-11D3-BF4B-00C04F79EFBC}") = "Application_Reguler_Serre", "Application_Reguler_Serre\Application_Reguler_Serre.csproj", "{7C335522-2856-48DC-9E68-3AA5BE964F32}"
EndProject
Global
	GlobalSection(SolutionConfigurationPlatforms) = preSolution
		Debug|Any CPU = Debug|Any CPU
		Debug|ARM = Debug|ARM
		Debug|x86 = Debug|x86
		Release|Any CPU = Release|Any CPU
		Release|ARM = Release|ARM
		Release|x86 = Release|x86
	EndGlobalSection
	GlobalSection(ProjectConfigurationPlatforms) = postSolution
		{0B52A71E-C405-4104-AF89-2620E9B5FC53}.Debug|Any CPU.ActiveCfg = Debug|Any CPU
		{0B52A71E-C405-4104-AF89-2620E9B5FC53}.Debug|Any CPU.Build.0 = Debug|Any CPU
		{0B52A71E-C405-4104-AF89-2620E9B5FC53}.Debug|ARM.ActiveCfg = Debug|Any CPU
		{0B52A71E-C405-4104-AF89-2620E9B5FC53}.Debug|x86.ActiveCfg = Debug|Any CPU
		{0B52A71E-C405-4104-AF89-2620E9B5FC53}.Release|Any CPU.ActiveCfg = Release|Any CPU
		{0B52A71E-C405-4104-AF89-2620E9B5FC53}.Release|Any CPU.Build.0 = Release|Any CPU
		{0B52A71E-C405-4104-AF89-2620E9B5FC53}.Release|ARM.ActiveCfg = Release|Any CPU
		{0B52A71E-C405-4104-AF89-2620E9B5FC53}.Release|x86.ActiveCfg = Release|Any CPU
		{C991366E-A918-44EF-AE91-AC3B2840A0CA}.Debug|Any CPU.ActiveCfg = Debug|Any CPU
		{C991366E-A918-44EF-AE91-AC3B2840A0CA}.Debug|Any CPU.Build.0 = Debug|Any CPU
		{C991366E-A918-44EF-AE91-AC3B2840A0CA}.Debug|ARM.ActiveCfg = Debug|Any CPU
		{C991366E-A918-44EF-AE91-AC3B2840A0CA}.Debug|x86.ActiveCfg = Debug|Any CPU
		{C991366E-A918-44EF-AE91-AC3B2840A0CA}.Release|Any CPU.ActiveCfg = Release|Any CPU
		{C991366E-A918-44EF-AE91-AC3B2840A0CA}.Release|Any CPU.Build.0 = Release|Any CPU
		{C991366E-A918-44EF-AE91-AC3B2840A0CA}.Release|ARM.ActiveCfg = Release|Any CPU
		{C991366E-A918-44EF-AE91-AC3B2840A0CA}.Release|x86.ActiveCfg = Release|Any CPU
		{DBDCFF5F-F2B4-49EA-BAEB-01C2660772B4}.Debug|Any CPU.ActiveCfg = Debug|Any CPU
		{DBDCFF5F-F2B4-49EA-BAEB-01C2660772B4}.Debug|Any CPU.Build.0 = Debug|Any CPU
		{DBDCFF5F-F2B4-49EA-BAEB-01C2660772B4}.Debug|Any CPU.Deploy.0 = Debug|Any CPU
		{DBDCFF5F-F2B4-49EA-BAEB-01C2660772B4}.Debug|ARM.ActiveCfg = Debug|ARM
		{DBDCFF5F-F2B4-49EA-BAEB-01C2660772B4}.Debug|ARM.Build.0 = Debug|ARM
		{DBDCFF5F-F2B4-49EA-BAEB-01C2660772B4}.Debug|ARM.Deploy.0 = Debug|ARM
		{DBDCFF5F-F2B4-49EA-BAEB-01C2660772B4}.Debug|x86.ActiveCfg = Debug|x86
		{DBDCFF5F-F2B4-49EA-BAEB-01C2660772B4}.Debug|x86.Build.0 = Debug|x86
		{DBDCFF5F-F2B4-49EA-BAEB-01C2660772B4}.Debug|x86.Deploy.0 = Debug|x86
		{DBDCFF5F-F2B4-49EA-BAEB-01C2660772B4}.Release|Any CPU.ActiveCfg = Release|Any CPU
		{DBDCFF5F-F2B4-49EA-BAEB-01C2660772B4}.Release|Any CPU.Build.0 = Release|Any CPU
		{DBDCFF5F-F2B4-49EA-BAEB-01C2660772B4}.Release|Any CPU.Deploy.0 = Release|Any CPU
		{DBDCFF5F-F2B4-49EA-BAEB-01C2660772B4}.Release|ARM.ActiveCfg = Release|ARM
		{DBDCFF5F-F2B4-49EA-BAEB-01C2660772B4}.Release|ARM.Build.0 = Release|ARM
		{DBDCFF5F-F2B4-49EA-BAEB-01C2660772B4}.Release|ARM.Deploy.0 = Release|ARM
		{DBDCFF5F-F2B4-49EA-BAEB-01C2660772B4}.Release|x86.ActiveCfg = Release|x86
		{DBDCFF5F-F2B4-49EA-BAEB-01C2660772B4}.Release|x86.Build.0 = Release|x86
		{DBDCFF5F-F2B4-49EA-BAEB-01C2660772B4}.Release|x86.Deploy.0 = Release|x86
		{7C335522-2856-48DC-9E68-3AA5BE964F32}.Debug|Any CPU.ActiveCfg = Debug|Any CPU
		{7C335522-2856-48DC-9E68-3AA5BE964F32}.Debug|Any CPU.Build.0 = Debug|Any CPU
		{7C335522-2856-48DC-9E68-3AA5BE964F32}.Debug|ARM.ActiveCfg = Debug|Any CPU
		{7C335522-2856-48DC-9E68-3AA5BE964F32}.Debug|ARM.Build.0 = Debug|Any CPU
		{7C335522-2856-48DC-9E68-3AA5BE964F32}.Debug|x86.ActiveCfg = Debug|Any CPU
		{7C335522-2856-48DC-9E68-3AA5BE964F32}.Debug|x86.Build.0 = Debug|Any CPU
		{7C335522-2856-48DC-9E68-3AA5BE964F32}.Release|Any CPU.ActiveCfg = Release|Any CPU
		{7C335522-2856-48DC-9E68-3AA5BE964F32}.Release|Any CPU.Build.0 = Release|Any CPU
		{7C335522-2856-48DC-9E68-3AA5BE964F32}.Release|ARM.ActiveCfg = Release|Any CPU
		{7C335522-2856-48DC-9E68-3AA5BE964F32}.Release|ARM.Build.0 = Release|Any CPU
		{7C335522-2856-48DC-9E68-3AA5BE964F32}.Release|x86.ActiveCfg = Release|Any CPU
		{7C335522-2856-48DC-9E68-3AA5BE964F32}.Release|x86.Build.0 = Release|Any CPU
	EndGlobalSection
	GlobalSection(SolutionProperties) = preSolution
		HideSolutionNode = FALSE
	EndGlobalSection
EndGlobal
